// !$*UTF8*$!
{
	archiveVersion = 1;
	classes = {
	};
	objectVersion = 50;
	objects = {

/* Begin PBXBuildFile section */
		42B16E49457105B831193A58 /* Pods_MAIN.framework in Frameworks */ = {isa = PBXBuildFile; fileRef = 91467950379961B900E76593 /* Pods_MAIN.framework */; };
		A6240F7724393B300053BDDD /* WindowCoordinator.swift in Sources */ = {isa = PBXBuildFile; fileRef = A6240F7624393B300053BDDD /* WindowCoordinator.swift */; };
		A6240F7A24393CE00053BDDD /* AppState.swift in Sources */ = {isa = PBXBuildFile; fileRef = A6240F7924393CE00053BDDD /* AppState.swift */; };
		A6240F7D24397CE50053BDDD /* AppReducer.swift in Sources */ = {isa = PBXBuildFile; fileRef = A6240F7C24397CE50053BDDD /* AppReducer.swift */; };
		A6240F7F243A67C50053BDDD /* MockCoordinator.swift in Sources */ = {isa = PBXBuildFile; fileRef = A6240F7E243A67C50053BDDD /* MockCoordinator.swift */; };
		A6240F81243A682E0053BDDD /* AppCoordinator.swift in Sources */ = {isa = PBXBuildFile; fileRef = A6240F80243A682E0053BDDD /* AppCoordinator.swift */; };
		A6240F84243A88B30053BDDD /* BackgroundContainerViewController.swift in Sources */ = {isa = PBXBuildFile; fileRef = A6240F83243A88B30053BDDD /* BackgroundContainerViewController.swift */; };
		A6240F87243A8AE80053BDDD /* BackgroundContainerViewController.storyboard in Resources */ = {isa = PBXBuildFile; fileRef = A6240F86243A8AE80053BDDD /* BackgroundContainerViewController.storyboard */; };
		A6240F89243B56400053BDDD /* WindowState.swift in Sources */ = {isa = PBXBuildFile; fileRef = A6240F88243B56400053BDDD /* WindowState.swift */; };
		A6430288243B9D8000204849 /* ExtensionString.swift in Sources */ = {isa = PBXBuildFile; fileRef = A6430287243B9D8000204849 /* ExtensionString.swift */; };
		A643028B243B9DF300204849 /* GlobalConstants.swift in Sources */ = {isa = PBXBuildFile; fileRef = A643028A243B9DF300204849 /* GlobalConstants.swift */; };
		A643028E243B9ED500204849 /* ExtensionDate.swift in Sources */ = {isa = PBXBuildFile; fileRef = A643028D243B9ED500204849 /* ExtensionDate.swift */; };
		A6430290243B9F9400204849 /* Theme.swift in Sources */ = {isa = PBXBuildFile; fileRef = A643028F243B9F9400204849 /* Theme.swift */; };
		A6430293243BA00B00204849 /* Formatters.swift in Sources */ = {isa = PBXBuildFile; fileRef = A6430292243BA00B00204849 /* Formatters.swift */; };
		A663CA7D243BD17900EA9709 /* LoginState.swift in Sources */ = {isa = PBXBuildFile; fileRef = A663CA7C243BD17900EA9709 /* LoginState.swift */; };
		A663CA7F243BD76400EA9709 /* BrowsingState.swift in Sources */ = {isa = PBXBuildFile; fileRef = A663CA7E243BD76400EA9709 /* BrowsingState.swift */; };
		A6907B732437E67000C11BA9 /* AppDelegate.swift in Sources */ = {isa = PBXBuildFile; fileRef = A6907B722437E67000C11BA9 /* AppDelegate.swift */; };
		A6907B752437E67000C11BA9 /* SceneDelegate.swift in Sources */ = {isa = PBXBuildFile; fileRef = A6907B742437E67000C11BA9 /* SceneDelegate.swift */; };
		A6907B772437E67000C11BA9 /* ViewController.swift in Sources */ = {isa = PBXBuildFile; fileRef = A6907B762437E67000C11BA9 /* ViewController.swift */; };
		A6907B7A2437E67000C11BA9 /* Main.storyboard in Resources */ = {isa = PBXBuildFile; fileRef = A6907B782437E67000C11BA9 /* Main.storyboard */; };
		A6907B7C2437E67100C11BA9 /* Assets.xcassets in Resources */ = {isa = PBXBuildFile; fileRef = A6907B7B2437E67100C11BA9 /* Assets.xcassets */; };
		A6907B7F2437E67100C11BA9 /* LaunchScreen.storyboard in Resources */ = {isa = PBXBuildFile; fileRef = A6907B7D2437E67100C11BA9 /* LaunchScreen.storyboard */; };
		A6CEB28E243CA96E00DBA3F9 /* LoginCoordinator.swift in Sources */ = {isa = PBXBuildFile; fileRef = A6CEB28D243CA96E00DBA3F9 /* LoginCoordinator.swift */; };
/* End PBXBuildFile section */

/* Begin PBXFileReference section */
		0FF5D73E16F3DD2FCB1ECE6D /* Pods-MAIN.debug.xcconfig */ = {isa = PBXFileReference; includeInIndex = 1; lastKnownFileType = text.xcconfig; name = "Pods-MAIN.debug.xcconfig"; path = "Pods/Target Support Files/Pods-MAIN/Pods-MAIN.debug.xcconfig"; sourceTree = "<group>"; };
		6AAF8C8EC88A12CC78C5E5EE /* Pods-MAIN.release.xcconfig */ = {isa = PBXFileReference; includeInIndex = 1; lastKnownFileType = text.xcconfig; name = "Pods-MAIN.release.xcconfig"; path = "Pods/Target Support Files/Pods-MAIN/Pods-MAIN.release.xcconfig"; sourceTree = "<group>"; };
		91467950379961B900E76593 /* Pods_MAIN.framework */ = {isa = PBXFileReference; explicitFileType = wrapper.framework; includeInIndex = 0; path = Pods_MAIN.framework; sourceTree = BUILT_PRODUCTS_DIR; };
		A6240F7624393B300053BDDD /* WindowCoordinator.swift */ = {isa = PBXFileReference; lastKnownFileType = sourcecode.swift; path = WindowCoordinator.swift; sourceTree = "<group>"; };
		A6240F7924393CE00053BDDD /* AppState.swift */ = {isa = PBXFileReference; lastKnownFileType = sourcecode.swift; path = AppState.swift; sourceTree = "<group>"; };
		A6240F7C24397CE50053BDDD /* AppReducer.swift */ = {isa = PBXFileReference; lastKnownFileType = sourcecode.swift; path = AppReducer.swift; sourceTree = "<group>"; };
		A6240F7E243A67C50053BDDD /* MockCoordinator.swift */ = {isa = PBXFileReference; lastKnownFileType = sourcecode.swift; path = MockCoordinator.swift; sourceTree = "<group>"; };
		A6240F80243A682E0053BDDD /* AppCoordinator.swift */ = {isa = PBXFileReference; lastKnownFileType = sourcecode.swift; path = AppCoordinator.swift; sourceTree = "<group>"; };
		A6240F83243A88B30053BDDD /* BackgroundContainerViewController.swift */ = {isa = PBXFileReference; lastKnownFileType = sourcecode.swift; path = BackgroundContainerViewController.swift; sourceTree = "<group>"; };
		A6240F86243A8AE80053BDDD /* BackgroundContainerViewController.storyboard */ = {isa = PBXFileReference; lastKnownFileType = file.storyboard; path = BackgroundContainerViewController.storyboard; sourceTree = "<group>"; };
		A6240F88243B56400053BDDD /* WindowState.swift */ = {isa = PBXFileReference; lastKnownFileType = sourcecode.swift; path = WindowState.swift; sourceTree = "<group>"; };
		A6430287243B9D8000204849 /* ExtensionString.swift */ = {isa = PBXFileReference; lastKnownFileType = sourcecode.swift; path = ExtensionString.swift; sourceTree = "<group>"; };
		A643028A243B9DF300204849 /* GlobalConstants.swift */ = {isa = PBXFileReference; lastKnownFileType = sourcecode.swift; path = GlobalConstants.swift; sourceTree = "<group>"; };
		A643028D243B9ED500204849 /* ExtensionDate.swift */ = {isa = PBXFileReference; lastKnownFileType = sourcecode.swift; path = ExtensionDate.swift; sourceTree = "<group>"; };
		A643028F243B9F9400204849 /* Theme.swift */ = {isa = PBXFileReference; lastKnownFileType = sourcecode.swift; path = Theme.swift; sourceTree = "<group>"; };
		A6430292243BA00B00204849 /* Formatters.swift */ = {isa = PBXFileReference; lastKnownFileType = sourcecode.swift; path = Formatters.swift; sourceTree = "<group>"; };
		A663CA7C243BD17900EA9709 /* LoginState.swift */ = {isa = PBXFileReference; lastKnownFileType = sourcecode.swift; path = LoginState.swift; sourceTree = "<group>"; };
		A663CA7E243BD76400EA9709 /* BrowsingState.swift */ = {isa = PBXFileReference; lastKnownFileType = sourcecode.swift; path = BrowsingState.swift; sourceTree = "<group>"; };
		A6907B6F2437E67000C11BA9 /* MAIN.app */ = {isa = PBXFileReference; explicitFileType = wrapper.application; includeInIndex = 0; path = MAIN.app; sourceTree = BUILT_PRODUCTS_DIR; };
		A6907B722437E67000C11BA9 /* AppDelegate.swift */ = {isa = PBXFileReference; lastKnownFileType = sourcecode.swift; path = AppDelegate.swift; sourceTree = "<group>"; };
		A6907B742437E67000C11BA9 /* SceneDelegate.swift */ = {isa = PBXFileReference; lastKnownFileType = sourcecode.swift; path = SceneDelegate.swift; sourceTree = "<group>"; };
		A6907B762437E67000C11BA9 /* ViewController.swift */ = {isa = PBXFileReference; lastKnownFileType = sourcecode.swift; path = ViewController.swift; sourceTree = "<group>"; };
		A6907B792437E67000C11BA9 /* Base */ = {isa = PBXFileReference; lastKnownFileType = file.storyboard; name = Base; path = Base.lproj/Main.storyboard; sourceTree = "<group>"; };
		A6907B7B2437E67100C11BA9 /* Assets.xcassets */ = {isa = PBXFileReference; lastKnownFileType = folder.assetcatalog; path = Assets.xcassets; sourceTree = "<group>"; };
		A6907B7E2437E67100C11BA9 /* Base */ = {isa = PBXFileReference; lastKnownFileType = file.storyboard; name = Base; path = Base.lproj/LaunchScreen.storyboard; sourceTree = "<group>"; };
		A6907B802437E67100C11BA9 /* Info.plist */ = {isa = PBXFileReference; lastKnownFileType = text.plist.xml; path = Info.plist; sourceTree = "<group>"; };
		A6CEB28D243CA96E00DBA3F9 /* LoginCoordinator.swift */ = {isa = PBXFileReference; lastKnownFileType = sourcecode.swift; path = LoginCoordinator.swift; sourceTree = "<group>"; };
/* End PBXFileReference section */

/* Begin PBXFrameworksBuildPhase section */
		A6907B6C2437E67000C11BA9 /* Frameworks */ = {
			isa = PBXFrameworksBuildPhase;
			buildActionMask = 2147483647;
			files = (
				42B16E49457105B831193A58 /* Pods_MAIN.framework in Frameworks */,
			);
			runOnlyForDeploymentPostprocessing = 0;
		};
/* End PBXFrameworksBuildPhase section */

/* Begin PBXGroup section */
		24A0F367050A1DA8C176D7A0 /* Pods */ = {
			isa = PBXGroup;
			children = (
				0FF5D73E16F3DD2FCB1ECE6D /* Pods-MAIN.debug.xcconfig */,
				6AAF8C8EC88A12CC78C5E5EE /* Pods-MAIN.release.xcconfig */,
			);
			name = Pods;
			sourceTree = "<group>";
		};
		27B90A1BA81FB377E6B447A6 /* Frameworks */ = {
			isa = PBXGroup;
			children = (
				91467950379961B900E76593 /* Pods_MAIN.framework */,
			);
			name = Frameworks;
			sourceTree = "<group>";
		};
		A6240F7824393B7D0053BDDD /* Coordinators */ = {
			isa = PBXGroup;
			children = (
				A6240F7624393B300053BDDD /* WindowCoordinator.swift */,
				A6240F7E243A67C50053BDDD /* MockCoordinator.swift */,
				A6240F80243A682E0053BDDD /* AppCoordinator.swift */,
				A6CEB28D243CA96E00DBA3F9 /* LoginCoordinator.swift */,
			);
			path = Coordinators;
			sourceTree = "<group>";
		};
		A6240F7B24393D1B0053BDDD /* StateManagement */ = {
			isa = PBXGroup;
			children = (
				A6240F7924393CE00053BDDD /* AppState.swift */,
				A6240F7C24397CE50053BDDD /* AppReducer.swift */,
				A6240F88243B56400053BDDD /* WindowState.swift */,
				A663CA7C243BD17900EA9709 /* LoginState.swift */,
				A663CA7E243BD76400EA9709 /* BrowsingState.swift */,
			);
			path = StateManagement;
			sourceTree = "<group>";
		};
		A6240F82243A88720053BDDD /* ViewControllers */ = {
			isa = PBXGroup;
			children = (
				A6907B762437E67000C11BA9 /* ViewController.swift */,
				A6240F83243A88B30053BDDD /* BackgroundContainerViewController.swift */,
			);
			path = ViewControllers;
			sourceTree = "<group>";
		};
		A6240F85243A8A720053BDDD /* Storyboards */ = {
			isa = PBXGroup;
			children = (
				A6907B782437E67000C11BA9 /* Main.storyboard */,
				A6907B7D2437E67100C11BA9 /* LaunchScreen.storyboard */,
				A6240F86243A8AE80053BDDD /* BackgroundContainerViewController.storyboard */,
			);
			path = Storyboards;
			sourceTree = "<group>";
		};
		A6430289243B9D9200204849 /* Extensions */ = {
			isa = PBXGroup;
			children = (
				A6430287243B9D8000204849 /* ExtensionString.swift */,
				A643028D243B9ED500204849 /* ExtensionDate.swift */,
			);
			path = Extensions;
			sourceTree = "<group>";
		};
		A643028C243B9DFE00204849 /* Globals */ = {
			isa = PBXGroup;
			children = (
				A643028A243B9DF300204849 /* GlobalConstants.swift */,
			);
			path = Globals;
			sourceTree = "<group>";
		};
		A6430294243BA01B00204849 /* Utilities */ = {
			isa = PBXGroup;
			children = (
				A643028F243B9F9400204849 /* Theme.swift */,
				A6430292243BA00B00204849 /* Formatters.swift */,
			);
			path = Utilities;
			sourceTree = "<group>";
		};
		A6907B662437E67000C11BA9 = {
			isa = PBXGroup;
			children = (
				A6907B712437E67000C11BA9 /* MAIN */,
				A6907B702437E67000C11BA9 /* Products */,
				24A0F367050A1DA8C176D7A0 /* Pods */,
				27B90A1BA81FB377E6B447A6 /* Frameworks */,
			);
			sourceTree = "<group>";
		};
		A6907B702437E67000C11BA9 /* Products */ = {
			isa = PBXGroup;
			children = (
				A6907B6F2437E67000C11BA9 /* MAIN.app */,
			);
			name = Products;
			sourceTree = "<group>";
		};
		A6907B712437E67000C11BA9 /* MAIN */ = {
			isa = PBXGroup;
			children = (
				A6907B722437E67000C11BA9 /* AppDelegate.swift */,
				A6907B742437E67000C11BA9 /* SceneDelegate.swift */,
				A6240F82243A88720053BDDD /* ViewControllers */,
				A6240F85243A8A720053BDDD /* Storyboards */,
				A6907B7B2437E67100C11BA9 /* Assets.xcassets */,
				A6907B802437E67100C11BA9 /* Info.plist */,
				A6240F7824393B7D0053BDDD /* Coordinators */,
				A6240F7B24393D1B0053BDDD /* StateManagement */,
				A6430289243B9D9200204849 /* Extensions */,
				A643028C243B9DFE00204849 /* Globals */,
				A6430294243BA01B00204849 /* Utilities */,
			);
			path = MAIN;
			sourceTree = "<group>";
		};
/* End PBXGroup section */

/* Begin PBXNativeTarget section */
		A6907B6E2437E67000C11BA9 /* MAIN */ = {
			isa = PBXNativeTarget;
			buildConfigurationList = A6907B832437E67100C11BA9 /* Build configuration list for PBXNativeTarget "MAIN" */;
			buildPhases = (
				AE82ECA334E20064831C1DB4 /* [CP] Check Pods Manifest.lock */,
				A6907B6B2437E67000C11BA9 /* Sources */,
				A6907B6C2437E67000C11BA9 /* Frameworks */,
				A6907B6D2437E67000C11BA9 /* Resources */,
				C88BAE24CC5B4B49412A2B33 /* [CP] Embed Pods Frameworks */,
			);
			buildRules = (
			);
			dependencies = (
			);
			name = MAIN;
			productName = MAIN;
			productReference = A6907B6F2437E67000C11BA9 /* MAIN.app */;
			productType = "com.apple.product-type.application";
		};
/* End PBXNativeTarget section */

/* Begin PBXProject section */
		A6907B672437E67000C11BA9 /* Project object */ = {
			isa = PBXProject;
			attributes = {
				LastSwiftUpdateCheck = 1110;
				LastUpgradeCheck = 1110;
				ORGANIZATIONNAME = Natsys;
				TargetAttributes = {
					A6907B6E2437E67000C11BA9 = {
						CreatedOnToolsVersion = 11.1;
					};
				};
			};
			buildConfigurationList = A6907B6A2437E67000C11BA9 /* Build configuration list for PBXProject "MAIN" */;
			compatibilityVersion = "Xcode 9.3";
			developmentRegion = en;
			hasScannedForEncodings = 0;
			knownRegions = (
				en,
				Base,
			);
			mainGroup = A6907B662437E67000C11BA9;
			productRefGroup = A6907B702437E67000C11BA9 /* Products */;
			projectDirPath = "";
			projectRoot = "";
			targets = (
				A6907B6E2437E67000C11BA9 /* MAIN */,
			);
		};
/* End PBXProject section */

/* Begin PBXResourcesBuildPhase section */
		A6907B6D2437E67000C11BA9 /* Resources */ = {
			isa = PBXResourcesBuildPhase;
			buildActionMask = 2147483647;
			files = (
				A6907B7F2437E67100C11BA9 /* LaunchScreen.storyboard in Resources */,
				A6240F87243A8AE80053BDDD /* BackgroundContainerViewController.storyboard in Resources */,
				A6907B7C2437E67100C11BA9 /* Assets.xcassets in Resources */,
				A6907B7A2437E67000C11BA9 /* Main.storyboard in Resources */,
			);
			runOnlyForDeploymentPostprocessing = 0;
		};
/* End PBXResourcesBuildPhase section */

/* Begin PBXShellScriptBuildPhase section */
		AE82ECA334E20064831C1DB4 /* [CP] Check Pods Manifest.lock */ = {
			isa = PBXShellScriptBuildPhase;
			buildActionMask = 2147483647;
			files = (
			);
			inputPaths = (
				"${PODS_PODFILE_DIR_PATH}/Podfile.lock",
				"${PODS_ROOT}/Manifest.lock",
			);
			name = "[CP] Check Pods Manifest.lock";
			outputPaths = (
				"$(DERIVED_FILE_DIR)/Pods-MAIN-checkManifestLockResult.txt",
			);
			runOnlyForDeploymentPostprocessing = 0;
			shellPath = /bin/sh;
			shellScript = "diff \"${PODS_PODFILE_DIR_PATH}/Podfile.lock\" \"${PODS_ROOT}/Manifest.lock\" > /dev/null\nif [ $? != 0 ] ; then\n    # print error to STDERR\n    echo \"error: The sandbox is not in sync with the Podfile.lock. Run 'pod install' or update your CocoaPods installation.\" >&2\n    exit 1\nfi\n# This output is used by Xcode 'outputs' to avoid re-running this script phase.\necho \"SUCCESS\" > \"${SCRIPT_OUTPUT_FILE_0}\"\n";
			showEnvVarsInLog = 0;
		};
		C88BAE24CC5B4B49412A2B33 /* [CP] Embed Pods Frameworks */ = {
			isa = PBXShellScriptBuildPhase;
			buildActionMask = 2147483647;
			files = (
			);
			inputPaths = (
				"${SRCROOT}/Pods/Target Support Files/Pods-MAIN/Pods-MAIN-frameworks.sh",
				"${BUILT_PRODUCTS_DIR}/Cordux/Cordux.framework",
				"${BUILT_PRODUCTS_DIR}/IGListDiffKit/IGListDiffKit.framework",
				"${BUILT_PRODUCTS_DIR}/IGListKit/IGListKit.framework",
				"${BUILT_PRODUCTS_DIR}/PinkyPromise/PinkyPromise.framework",
			);
			name = "[CP] Embed Pods Frameworks";
			outputPaths = (
				"${TARGET_BUILD_DIR}/${FRAMEWORKS_FOLDER_PATH}/Cordux.framework",
				"${TARGET_BUILD_DIR}/${FRAMEWORKS_FOLDER_PATH}/IGListDiffKit.framework",
				"${TARGET_BUILD_DIR}/${FRAMEWORKS_FOLDER_PATH}/IGListKit.framework",
				"${TARGET_BUILD_DIR}/${FRAMEWORKS_FOLDER_PATH}/PinkyPromise.framework",
			);
			runOnlyForDeploymentPostprocessing = 0;
			shellPath = /bin/sh;
			shellScript = "\"${SRCROOT}/Pods/Target Support Files/Pods-MAIN/Pods-MAIN-frameworks.sh\"\n";
			showEnvVarsInLog = 0;
		};
/* End PBXShellScriptBuildPhase section */

/* Begin PBXSourcesBuildPhase section */
		A6907B6B2437E67000C11BA9 /* Sources */ = {
			isa = PBXSourcesBuildPhase;
			buildActionMask = 2147483647;
			files = (
				A6240F7D24397CE50053BDDD /* AppReducer.swift in Sources */,
				A6907B772437E67000C11BA9 /* ViewController.swift in Sources */,
				A6240F7A24393CE00053BDDD /* AppState.swift in Sources */,
				A6430293243BA00B00204849 /* Formatters.swift in Sources */,
				A6907B732437E67000C11BA9 /* AppDelegate.swift in Sources */,
				A663CA7F243BD76400EA9709 /* BrowsingState.swift in Sources */,
				A6CEB28E243CA96E00DBA3F9 /* LoginCoordinator.swift in Sources */,
				A663CA7D243BD17900EA9709 /* LoginState.swift in Sources */,
				A6240F81243A682E0053BDDD /* AppCoordinator.swift in Sources */,
				A6240F7724393B300053BDDD /* WindowCoordinator.swift in Sources */,
				A6240F7F243A67C50053BDDD /* MockCoordinator.swift in Sources */,
				A6430288243B9D8000204849 /* ExtensionString.swift in Sources */,
				A6240F84243A88B30053BDDD /* BackgroundContainerViewController.swift in Sources */,
				A6907B752437E67000C11BA9 /* SceneDelegate.swift in Sources */,
				A643028B243B9DF300204849 /* GlobalConstants.swift in Sources */,
				A6240F89243B56400053BDDD /* WindowState.swift in Sources */,
				A643028E243B9ED500204849 /* ExtensionDate.swift in Sources */,
				A6430290243B9F9400204849 /* Theme.swift in Sources */,
			);
			runOnlyForDeploymentPostprocessing = 0;
		};
/* End PBXSourcesBuildPhase section */

/* Begin PBXVariantGroup section */
		A6907B782437E67000C11BA9 /* Main.storyboard */ = {
			isa = PBXVariantGroup;
			children = (
				A6907B792437E67000C11BA9 /* Base */,
			);
			name = Main.storyboard;
			sourceTree = "<group>";
		};
		A6907B7D2437E67100C11BA9 /* LaunchScreen.storyboard */ = {
			isa = PBXVariantGroup;
			children = (
				A6907B7E2437E67100C11BA9 /* Base */,
			);
			name = LaunchScreen.storyboard;
			sourceTree = "<group>";
		};
/* End PBXVariantGroup section */

/* Begin XCBuildConfiguration section */
		A6907B812437E67100C11BA9 /* Debug */ = {
			isa = XCBuildConfiguration;
			buildSettings = {
				ALWAYS_SEARCH_USER_PATHS = NO;
				CLANG_ANALYZER_NONNULL = YES;
				CLANG_ANALYZER_NUMBER_OBJECT_CONVERSION = YES_AGGRESSIVE;
				CLANG_CXX_LANGUAGE_STANDARD = "gnu++14";
				CLANG_CXX_LIBRARY = "libc++";
				CLANG_ENABLE_MODULES = YES;
				CLANG_ENABLE_OBJC_ARC = YES;
				CLANG_ENABLE_OBJC_WEAK = YES;
				CLANG_WARN_BLOCK_CAPTURE_AUTORELEASING = YES;
				CLANG_WARN_BOOL_CONVERSION = YES;
				CLANG_WARN_COMMA = YES;
				CLANG_WARN_CONSTANT_CONVERSION = YES;
				CLANG_WARN_DEPRECATED_OBJC_IMPLEMENTATIONS = YES;
				CLANG_WARN_DIRECT_OBJC_ISA_USAGE = YES_ERROR;
				CLANG_WARN_DOCUMENTATION_COMMENTS = YES;
				CLANG_WARN_EMPTY_BODY = YES;
				CLANG_WARN_ENUM_CONVERSION = YES;
				CLANG_WARN_INFINITE_RECURSION = YES;
				CLANG_WARN_INT_CONVERSION = YES;
				CLANG_WARN_NON_LITERAL_NULL_CONVERSION = YES;
				CLANG_WARN_OBJC_IMPLICIT_RETAIN_SELF = YES;
				CLANG_WARN_OBJC_LITERAL_CONVERSION = YES;
				CLANG_WARN_OBJC_ROOT_CLASS = YES_ERROR;
				CLANG_WARN_RANGE_LOOP_ANALYSIS = YES;
				CLANG_WARN_STRICT_PROTOTYPES = YES;
				CLANG_WARN_SUSPICIOUS_MOVE = YES;
				CLANG_WARN_UNGUARDED_AVAILABILITY = YES_AGGRESSIVE;
				CLANG_WARN_UNREACHABLE_CODE = YES;
				CLANG_WARN__DUPLICATE_METHOD_MATCH = YES;
				COPY_PHASE_STRIP = NO;
				DEBUG_INFORMATION_FORMAT = dwarf;
				ENABLE_STRICT_OBJC_MSGSEND = YES;
				ENABLE_TESTABILITY = YES;
				GCC_C_LANGUAGE_STANDARD = gnu11;
				GCC_DYNAMIC_NO_PIC = NO;
				GCC_NO_COMMON_BLOCKS = YES;
				GCC_OPTIMIZATION_LEVEL = 0;
				GCC_PREPROCESSOR_DEFINITIONS = (
					"DEBUG=1",
					"$(inherited)",
				);
				GCC_WARN_64_TO_32_BIT_CONVERSION = YES;
				GCC_WARN_ABOUT_RETURN_TYPE = YES_ERROR;
				GCC_WARN_UNDECLARED_SELECTOR = YES;
				GCC_WARN_UNINITIALIZED_AUTOS = YES_AGGRESSIVE;
				GCC_WARN_UNUSED_FUNCTION = YES;
				GCC_WARN_UNUSED_VARIABLE = YES;
				IPHONEOS_DEPLOYMENT_TARGET = 13.1;
				MTL_ENABLE_DEBUG_INFO = INCLUDE_SOURCE;
				MTL_FAST_MATH = YES;
				ONLY_ACTIVE_ARCH = YES;
				SDKROOT = iphoneos;
				SWIFT_ACTIVE_COMPILATION_CONDITIONS = DEBUG;
				SWIFT_OPTIMIZATION_LEVEL = "-Onone";
			};
			name = Debug;
		};
		A6907B822437E67100C11BA9 /* Release */ = {
			isa = XCBuildConfiguration;
			buildSettings = {
				ALWAYS_SEARCH_USER_PATHS = NO;
				CLANG_ANALYZER_NONNULL = YES;
				CLANG_ANALYZER_NUMBER_OBJECT_CONVERSION = YES_AGGRESSIVE;
				CLANG_CXX_LANGUAGE_STANDARD = "gnu++14";
				CLANG_CXX_LIBRARY = "libc++";
				CLANG_ENABLE_MODULES = YES;
				CLANG_ENABLE_OBJC_ARC = YES;
				CLANG_ENABLE_OBJC_WEAK = YES;
				CLANG_WARN_BLOCK_CAPTURE_AUTORELEASING = YES;
				CLANG_WARN_BOOL_CONVERSION = YES;
				CLANG_WARN_COMMA = YES;
				CLANG_WARN_CONSTANT_CONVERSION = YES;
				CLANG_WARN_DEPRECATED_OBJC_IMPLEMENTATIONS = YES;
				CLANG_WARN_DIRECT_OBJC_ISA_USAGE = YES_ERROR;
				CLANG_WARN_DOCUMENTATION_COMMENTS = YES;
				CLANG_WARN_EMPTY_BODY = YES;
				CLANG_WARN_ENUM_CONVERSION = YES;
				CLANG_WARN_INFINITE_RECURSION = YES;
				CLANG_WARN_INT_CONVERSION = YES;
				CLANG_WARN_NON_LITERAL_NULL_CONVERSION = YES;
				CLANG_WARN_OBJC_IMPLICIT_RETAIN_SELF = YES;
				CLANG_WARN_OBJC_LITERAL_CONVERSION = YES;
				CLANG_WARN_OBJC_ROOT_CLASS = YES_ERROR;
				CLANG_WARN_RANGE_LOOP_ANALYSIS = YES;
				CLANG_WARN_STRICT_PROTOTYPES = YES;
				CLANG_WARN_SUSPICIOUS_MOVE = YES;
				CLANG_WARN_UNGUARDED_AVAILABILITY = YES_AGGRESSIVE;
				CLANG_WARN_UNREACHABLE_CODE = YES;
				CLANG_WARN__DUPLICATE_METHOD_MATCH = YES;
				COPY_PHASE_STRIP = NO;
				DEBUG_INFORMATION_FORMAT = "dwarf-with-dsym";
				ENABLE_NS_ASSERTIONS = NO;
				ENABLE_STRICT_OBJC_MSGSEND = YES;
				GCC_C_LANGUAGE_STANDARD = gnu11;
				GCC_NO_COMMON_BLOCKS = YES;
				GCC_WARN_64_TO_32_BIT_CONVERSION = YES;
				GCC_WARN_ABOUT_RETURN_TYPE = YES_ERROR;
				GCC_WARN_UNDECLARED_SELECTOR = YES;
				GCC_WARN_UNINITIALIZED_AUTOS = YES_AGGRESSIVE;
				GCC_WARN_UNUSED_FUNCTION = YES;
				GCC_WARN_UNUSED_VARIABLE = YES;
				IPHONEOS_DEPLOYMENT_TARGET = 13.1;
				MTL_ENABLE_DEBUG_INFO = NO;
				MTL_FAST_MATH = YES;
				SDKROOT = iphoneos;
				SWIFT_COMPILATION_MODE = wholemodule;
				SWIFT_OPTIMIZATION_LEVEL = "-O";
				VALIDATE_PRODUCT = YES;
			};
			name = Release;
		};
		A6907B842437E67100C11BA9 /* Debug */ = {
			isa = XCBuildConfiguration;
			baseConfigurationReference = 0FF5D73E16F3DD2FCB1ECE6D /* Pods-MAIN.debug.xcconfig */;
			buildSettings = {
				ASSETCATALOG_COMPILER_APPICON_NAME = AppIcon;
				CODE_SIGN_STYLE = Automatic;
				DEVELOPMENT_TEAM = YEPB2Q5VF6;
				INFOPLIST_FILE = MAIN/Info.plist;
				LD_RUNPATH_SEARCH_PATHS = (
					"$(inherited)",
					"@executable_path/Frameworks",
				);
				PRODUCT_BUNDLE_IDENTIFIER = com.natsys.MAIN;
				PRODUCT_NAME = "$(TARGET_NAME)";
				SWIFT_VERSION = 5.0;
				TARGETED_DEVICE_FAMILY = "1,2";
			};
			name = Debug;
		};
		A6907B852437E67100C11BA9 /* Release */ = {
			isa = XCBuildConfiguration;
			baseConfigurationReference = 6AAF8C8EC88A12CC78C5E5EE /* Pods-MAIN.release.xcconfig */;
			buildSettings = {
				ASSETCATALOG_COMPILER_APPICON_NAME = AppIcon;
				CODE_SIGN_STYLE = Automatic;
				DEVELOPMENT_TEAM = YEPB2Q5VF6;
				INFOPLIST_FILE = MAIN/Info.plist;
				LD_RUNPATH_SEARCH_PATHS = (
					"$(inherited)",
					"@executable_path/Frameworks",
				);
				PRODUCT_BUNDLE_IDENTIFIER = com.natsys.MAIN;
				PRODUCT_NAME = "$(TARGET_NAME)";
				SWIFT_VERSION = 5.0;
				TARGETED_DEVICE_FAMILY = "1,2";
			};
			name = Release;
		};
/* End XCBuildConfiguration section */

/* Begin XCConfigurationList section */
		A6907B6A2437E67000C11BA9 /* Build configuration list for PBXProject "MAIN" */ = {
			isa = XCConfigurationList;
			buildConfigurations = (
				A6907B812437E67100C11BA9 /* Debug */,
				A6907B822437E67100C11BA9 /* Release */,
			);
			defaultConfigurationIsVisible = 0;
			defaultConfigurationName = Release;
		};
		A6907B832437E67100C11BA9 /* Build configuration list for PBXNativeTarget "MAIN" */ = {
			isa = XCConfigurationList;
			buildConfigurations = (
				A6907B842437E67100C11BA9 /* Debug */,
				A6907B852437E67100C11BA9 /* Release */,
			);
			defaultConfigurationIsVisible = 0;
			defaultConfigurationName = Release;
		};
/* End XCConfigurationList section */
	};
	rootObject = A6907B672437E67000C11BA9 /* Project object */;
}
